
Microsoft Visual Studio Solution File, Format Version 12.00
# Visual Studio Version 17
VisualStudioVersion = 17.3.32901.215
MinimumVisualStudioVersion = 10.0.40219.1
Project("{FAE04EC0-301F-11D3-BF4B-00C04F79EFBC}") = "CNPM_DoAn_Nhom2", "CNPM_DoAn_Nhom2\CNPM_DoAn_Nhom2.csproj", "{D34ABA13-CFC0-4EAA-BE0F-1D1FC7487AE4}"
EndProject
Global
	GlobalSection(SolutionConfigurationPlatforms) = preSolution
		Debug|Any CPU = Debug|Any CPU
		Release|Any CPU = Release|Any CPU
	EndGlobalSection
	GlobalSection(ProjectConfigurationPlatforms) = postSolution
		{D34ABA13-CFC0-4EAA-BE0F-1D1FC7487AE4}.Debug|Any CPU.ActiveCfg = Debug|Any CPU
		{D34ABA13-CFC0-4EAA-BE0F-1D1FC7487AE4}.Debug|Any CPU.Build.0 = Debug|Any CPU
		{D34ABA13-CFC0-4EAA-BE0F-1D1FC7487AE4}.Release|Any CPU.ActiveCfg = Release|Any CPU
		{D34ABA13-CFC0-4EAA-BE0F-1D1FC7487AE4}.Release|Any CPU.Build.0 = Release|Any CPU
	EndGlobalSection
	GlobalSection(SolutionProperties) = preSolution
		HideSolutionNode = FALSE
	EndGlobalSection
	GlobalSection(ExtensibilityGlobals) = postSolution
		SolutionGuid = {914CE2F0-731E-45C5-908A-320A537C2694}
	EndGlobalSection
EndGlobal
